
Microsoft Visual Studio Solution File, Format Version 12.00
# Visual Studio Version 17
VisualStudioVersion = 17.3.32901.215
MinimumVisualStudioVersion = 10.0.40219.1
Project("{8BC9CEB8-8B4A-11D0-8D11-00A0C91BC942}") = "SandBox", "SandBox\SandBox.vcxproj", "{68D14A75-8715-470D-9BD8-B0A6379072E1}"
EndProject
Project("{8BC9CEB8-8B4A-11D0-8D11-00A0C91BC942}") = "BackupEngine", "BackupEngine\BackupEngine.vcxproj", "{F2A90FF9-0CEC-4A64-AC3E-DA345C2A8E83}"
EndProject
Global
	GlobalSection(SolutionConfigurationPlatforms) = preSolution
		Debug|x64 = Debug|x64
		Release|x64 = Release|x64
	EndGlobalSection
	GlobalSection(ProjectConfigurationPlatforms) = postSolution
		{F2A90FF9-0CEC-4A64-AC3E-DA345C2A8E83}.Debug|x64.ActiveCfg = Debug|x64
		{F2A90FF9-0CEC-4A64-AC3E-DA345C2A8E83}.Debug|x64.Build.0 = Debug|x64
		{F2A90FF9-0CEC-4A64-AC3E-DA345C2A8E83}.Release|x64.ActiveCfg = Release|x64
		{F2A90FF9-0CEC-4A64-AC3E-DA345C2A8E83}.Release|x64.Build.0 = Release|x64
		{68D14A75-8715-470D-9BD8-B0A6379072E1}.Debug|x64.ActiveCfg = Debug|x64
		{68D14A75-8715-470D-9BD8-B0A6379072E1}.Debug|x64.Build.0 = Debug|x64
		{68D14A75-8715-470D-9BD8-B0A6379072E1}.Release|x64.ActiveCfg = Release|x64
		{68D14A75-8715-470D-9BD8-B0A6379072E1}.Release|x64.Build.0 = Release|x64
	EndGlobalSection
	GlobalSection(SolutionProperties) = preSolution
		HideSolutionNode = FALSE
	EndGlobalSection
	GlobalSection(ExtensibilityGlobals) = postSolution
		SolutionGuid = {1CBE5066-6C93-458D-A6EB-74DC49770507}
	EndGlobalSection
EndGlobal
